
Microsoft Visual Studio Solution File, Format Version 12.00
# Visual Studio Version 16
VisualStudioVersion = 16.0.31729.503
MinimumVisualStudioVersion = 10.0.40219.1
Project("{FAE04EC0-301F-11D3-BF4B-00C04F79EFBC}") = "FolderTask", "FolderTask\FolderTask.csproj", "{5C15C486-4027-4C80-A5DA-DFA120FC7BD7}"
EndProject
Global
	GlobalSection(SolutionConfigurationPlatforms) = preSolution
		Debug|Any CPU = Debug|Any CPU
		Release|Any CPU = Release|Any CPU
	EndGlobalSection
	GlobalSection(ProjectConfigurationPlatforms) = postSolution
		{5C15C486-4027-4C80-A5DA-DFA120FC7BD7}.Debug|Any CPU.ActiveCfg = Debug|Any CPU
		{5C15C486-4027-4C80-A5DA-DFA120FC7BD7}.Debug|Any CPU.Build.0 = Debug|Any CPU
		{5C15C486-4027-4C80-A5DA-DFA120FC7BD7}.Release|Any CPU.ActiveCfg = Release|Any CPU
		{5C15C486-4027-4C80-A5DA-DFA120FC7BD7}.Release|Any CPU.Build.0 = Release|Any CPU
	EndGlobalSection
	GlobalSection(SolutionProperties) = preSolution
		HideSolutionNode = FALSE
	EndGlobalSection
	GlobalSection(ExtensibilityGlobals) = postSolution
		SolutionGuid = {094D3C33-2C9C-4EE5-AC0F-B3AC0BB1BDC9}
	EndGlobalSection
EndGlobal
